PODS:
  - Cosmos (25.0.1)
  - SDWebImage (5.19.2):
    - SDWebImage/Core (= 5.19.2)
  - SDWebImage/Core (5.19.2)

DEPENDENCIES:
  - Cosmos
  - SDWebImage

SPEC REPOS:
  trunk:
    - Cosmos
    - SDWebImage

SPEC CHECKSUMS:
  Cosmos: 02db0a1c953107049bfd2d7af19ceef55ecb7e98
  SDWebImage: dfe95b2466a9823cf9f0c6d01217c06550d7b29a

PODFILE CHECKSUM: fe3df9d129befaf17ce07b89748eb629a7183ba7

COCOAPODS: 1.15.2
